
Microsoft Visual Studio Solution File, Format Version 12.00
# Visual Studio 2013
VisualStudioVersion = 12.0.31101.0
MinimumVisualStudioVersion = 10.0.40219.1
Project("{FAE04EC0-301F-11D3-BF4B-00C04F79EFBC}") = "GTAVMod_AngryPeds", "GTAVMod_AngryPeds\GTAVMod_AngryPeds.csproj", "{E41CAE94-CB59-41C3-B19C-5D0C6702D2DA}"
EndProject
Project("{FAE04EC0-301F-11D3-BF4B-00C04F79EFBC}") = "GTAVMod_Speedometer", "GTAVMod_Speedometer\GTAVMod_Speedometer.csproj", "{5F5204AF-92D8-430D-A66C-E8C45CBCDF33}"
EndProject
Project("{FAE04EC0-301F-11D3-BF4B-00C04F79EFBC}") = "GTAVMod_NeonColorChanger", "GTAVMod_NeonColorChanger\GTAVMod_NeonColorChanger.csproj", "{D4AC8153-A1F5-409C-8231-867085F94F5F}"
EndProject
Project("{FAE04EC0-301F-11D3-BF4B-00C04F79EFBC}") = "GTAVMod_RainbowPaint", "GTAVMod_RainbowPaint\GTAVMod_RainbowPaint.csproj", "{BEFFCBAF-2383-4BB5-9EB1-A8F70EA824AD}"
EndProject
Project("{FAE04EC0-301F-11D3-BF4B-00C04F79EFBC}") = "RainbowTireSmoke", "RainbowTireSmoke\RainbowTireSmoke.csproj", "{9D460175-3F90-4DC4-86BC-CFA1EFF2E018}"
EndProject
Project("{FAE04EC0-301F-11D3-BF4B-00C04F79EFBC}") = "AnalogueSpeedometer", "AnalogueSpeedometer\AnalogueSpeedometer.csproj", "{6D808B45-A185-4CDD-8013-52B6FDBA894E}"
EndProject
Global
	GlobalSection(SolutionConfigurationPlatforms) = preSolution
		Debug|Any CPU = Debug|Any CPU
		Release|Any CPU = Release|Any CPU
	EndGlobalSection
	GlobalSection(ProjectConfigurationPlatforms) = postSolution
		{E41CAE94-CB59-41C3-B19C-5D0C6702D2DA}.Debug|Any CPU.ActiveCfg = Debug|Any CPU
		{E41CAE94-CB59-41C3-B19C-5D0C6702D2DA}.Debug|Any CPU.Build.0 = Debug|Any CPU
		{E41CAE94-CB59-41C3-B19C-5D0C6702D2DA}.Release|Any CPU.ActiveCfg = Release|Any CPU
		{E41CAE94-CB59-41C3-B19C-5D0C6702D2DA}.Release|Any CPU.Build.0 = Release|Any CPU
		{5F5204AF-92D8-430D-A66C-E8C45CBCDF33}.Debug|Any CPU.ActiveCfg = Debug|Any CPU
		{5F5204AF-92D8-430D-A66C-E8C45CBCDF33}.Debug|Any CPU.Build.0 = Debug|Any CPU
		{5F5204AF-92D8-430D-A66C-E8C45CBCDF33}.Release|Any CPU.ActiveCfg = Release|Any CPU
		{5F5204AF-92D8-430D-A66C-E8C45CBCDF33}.Release|Any CPU.Build.0 = Release|Any CPU
		{D4AC8153-A1F5-409C-8231-867085F94F5F}.Debug|Any CPU.ActiveCfg = Debug|Any CPU
		{D4AC8153-A1F5-409C-8231-867085F94F5F}.Debug|Any CPU.Build.0 = Debug|Any CPU
		{D4AC8153-A1F5-409C-8231-867085F94F5F}.Release|Any CPU.ActiveCfg = Release|Any CPU
		{D4AC8153-A1F5-409C-8231-867085F94F5F}.Release|Any CPU.Build.0 = Release|Any CPU
		{BEFFCBAF-2383-4BB5-9EB1-A8F70EA824AD}.Debug|Any CPU.ActiveCfg = Debug|Any CPU
		{BEFFCBAF-2383-4BB5-9EB1-A8F70EA824AD}.Debug|Any CPU.Build.0 = Debug|Any CPU
		{BEFFCBAF-2383-4BB5-9EB1-A8F70EA824AD}.Release|Any CPU.ActiveCfg = Release|Any CPU
		{BEFFCBAF-2383-4BB5-9EB1-A8F70EA824AD}.Release|Any CPU.Build.0 = Release|Any CPU
		{9D460175-3F90-4DC4-86BC-CFA1EFF2E018}.Debug|Any CPU.ActiveCfg = Debug|Any CPU
		{9D460175-3F90-4DC4-86BC-CFA1EFF2E018}.Debug|Any CPU.Build.0 = Debug|Any CPU
		{9D460175-3F90-4DC4-86BC-CFA1EFF2E018}.Release|Any CPU.ActiveCfg = Release|Any CPU
		{9D460175-3F90-4DC4-86BC-CFA1EFF2E018}.Release|Any CPU.Build.0 = Release|Any CPU
		{6D808B45-A185-4CDD-8013-52B6FDBA894E}.Debug|Any CPU.ActiveCfg = Debug|Any CPU
		{6D808B45-A185-4CDD-8013-52B6FDBA894E}.Debug|Any CPU.Build.0 = Debug|Any CPU
		{6D808B45-A185-4CDD-8013-52B6FDBA894E}.Release|Any CPU.ActiveCfg = Release|Any CPU
		{6D808B45-A185-4CDD-8013-52B6FDBA894E}.Release|Any CPU.Build.0 = Release|Any CPU
	EndGlobalSection
	GlobalSection(SolutionProperties) = preSolution
		HideSolutionNode = FALSE
	EndGlobalSection
EndGlobal
